
Microsoft Visual Studio Solution File, Format Version 12.00
# Visual Studio Version 16
VisualStudioVersion = 16.0.32602.291
MinimumVisualStudioVersion = 10.0.40219.1
Project("{13B669BE-BB05-4DDF-9536-439F39A36129}") = "digiozguestbook", "..\digiozguestbook.phpproj", "{312EA299-5690-47B0-86EA-E61324122B25}"
EndProject
Global
	GlobalSection(SolutionConfigurationPlatforms) = preSolution
		Debug|Any CPU = Debug|Any CPU
		Release|Any CPU = Release|Any CPU
	EndGlobalSection
	GlobalSection(ProjectConfigurationPlatforms) = postSolution
		{312EA299-5690-47B0-86EA-E61324122B25}.Debug|Any CPU.ActiveCfg = Debug|Any CPU
		{312EA299-5690-47B0-86EA-E61324122B25}.Debug|Any CPU.Build.0 = Debug|Any CPU
		{312EA299-5690-47B0-86EA-E61324122B25}.Release|Any CPU.ActiveCfg = Release|Any CPU
		{312EA299-5690-47B0-86EA-E61324122B25}.Release|Any CPU.Build.0 = Release|Any CPU
	EndGlobalSection
	GlobalSection(SolutionProperties) = preSolution
		HideSolutionNode = FALSE
	EndGlobalSection
	GlobalSection(ExtensibilityGlobals) = postSolution
		SolutionGuid = {02F0D30D-35BC-4DB3-A65F-1E0DF057EB57}
	EndGlobalSection
EndGlobal
