
Microsoft Visual Studio Solution File, Format Version 12.00
# Visual Studio Version 17
VisualStudioVersion = 17.14.36511.14 d17.14
MinimumVisualStudioVersion = 10.0.40219.1
Project("{13B669BE-BB05-4DDF-9536-439F39A36129}") = "DigiOzPHPGuestbook", "DigiOzPHPGuestbook.phpproj", "{F5C2EABD-47A6-1BEB-74AF-E076D48678B2}"
EndProject
Global
	GlobalSection(SolutionConfigurationPlatforms) = preSolution
		Debug|Any CPU = Debug|Any CPU
		Release|Any CPU = Release|Any CPU
	EndGlobalSection
	GlobalSection(ProjectConfigurationPlatforms) = postSolution
		{F5C2EABD-47A6-1BEB-74AF-E076D48678B2}.Debug|Any CPU.ActiveCfg = Debug|Any CPU
		{F5C2EABD-47A6-1BEB-74AF-E076D48678B2}.Debug|Any CPU.Build.0 = Debug|Any CPU
		{F5C2EABD-47A6-1BEB-74AF-E076D48678B2}.Release|Any CPU.ActiveCfg = Release|Any CPU
		{F5C2EABD-47A6-1BEB-74AF-E076D48678B2}.Release|Any CPU.Build.0 = Release|Any CPU
	EndGlobalSection
	GlobalSection(SolutionProperties) = preSolution
		HideSolutionNode = FALSE
	EndGlobalSection
	GlobalSection(ExtensibilityGlobals) = postSolution
		SolutionGuid = {FFC38C04-3B55-43F9-8BCD-8B80B859E8C1}
	EndGlobalSection
EndGlobal
